
Microsoft Visual Studio Solution File, Format Version 12.00
# Visual Studio Version 17
VisualStudioVersion = 17.8.34330.188
MinimumVisualStudioVersion = 10.0.40219.1
Project("{FAE04EC0-301F-11D3-BF4B-00C04F79EFBC}") = "BLL", "BLL\BLL.csproj", "{362EAE1F-6295-4A9B-81D2-88F2BC400E54}"
EndProject
Project("{FAE04EC0-301F-11D3-BF4B-00C04F79EFBC}") = "DAL", "DAL\DAL.csproj", "{5A544376-B146-4222-8FAA-E41CAC498183}"
EndProject
Project("{FAE04EC0-301F-11D3-BF4B-00C04F79EFBC}") = "ENTITIES", "ENTITIES\ENTITIES.csproj", "{C5578818-B2AC-4434-B9E1-472E63B1180E}"
EndProject
Project("{FAE04EC0-301F-11D3-BF4B-00C04F79EFBC}") = "WebAPI", "WebAPI\WebAPI.csproj", "{F20C4110-FB9E-4EEA-8673-FBAEB1B8E9CE}"
EndProject
Global
	GlobalSection(SolutionConfigurationPlatforms) = preSolution
		Debug|Any CPU = Debug|Any CPU
		Release|Any CPU = Release|Any CPU
	EndGlobalSection
	GlobalSection(ProjectConfigurationPlatforms) = postSolution
		{362EAE1F-6295-4A9B-81D2-88F2BC400E54}.Debug|Any CPU.ActiveCfg = Debug|Any CPU
		{362EAE1F-6295-4A9B-81D2-88F2BC400E54}.Debug|Any CPU.Build.0 = Debug|Any CPU
		{362EAE1F-6295-4A9B-81D2-88F2BC400E54}.Release|Any CPU.ActiveCfg = Release|Any CPU
		{362EAE1F-6295-4A9B-81D2-88F2BC400E54}.Release|Any CPU.Build.0 = Release|Any CPU
		{5A544376-B146-4222-8FAA-E41CAC498183}.Debug|Any CPU.ActiveCfg = Debug|Any CPU
		{5A544376-B146-4222-8FAA-E41CAC498183}.Debug|Any CPU.Build.0 = Debug|Any CPU
		{5A544376-B146-4222-8FAA-E41CAC498183}.Release|Any CPU.ActiveCfg = Release|Any CPU
		{5A544376-B146-4222-8FAA-E41CAC498183}.Release|Any CPU.Build.0 = Release|Any CPU
		{C5578818-B2AC-4434-B9E1-472E63B1180E}.Debug|Any CPU.ActiveCfg = Debug|Any CPU
		{C5578818-B2AC-4434-B9E1-472E63B1180E}.Debug|Any CPU.Build.0 = Debug|Any CPU
		{C5578818-B2AC-4434-B9E1-472E63B1180E}.Release|Any CPU.ActiveCfg = Release|Any CPU
		{C5578818-B2AC-4434-B9E1-472E63B1180E}.Release|Any CPU.Build.0 = Release|Any CPU
		{F20C4110-FB9E-4EEA-8673-FBAEB1B8E9CE}.Debug|Any CPU.ActiveCfg = Debug|Any CPU
		{F20C4110-FB9E-4EEA-8673-FBAEB1B8E9CE}.Debug|Any CPU.Build.0 = Debug|Any CPU
		{F20C4110-FB9E-4EEA-8673-FBAEB1B8E9CE}.Release|Any CPU.ActiveCfg = Release|Any CPU
		{F20C4110-FB9E-4EEA-8673-FBAEB1B8E9CE}.Release|Any CPU.Build.0 = Release|Any CPU
	EndGlobalSection
	GlobalSection(SolutionProperties) = preSolution
		HideSolutionNode = FALSE
	EndGlobalSection
	GlobalSection(ExtensibilityGlobals) = postSolution
		SolutionGuid = {79300CA9-D1EF-4E6C-BE11-843F8BA7E70D}
	EndGlobalSection
EndGlobal
